
Microsoft Visual Studio Solution File, Format Version 12.00
# Visual Studio 2012
Project("{FAE04EC0-301F-11D3-BF4B-00C04F79EFBC}") = "DemoKoCoffee", "DemoKoCoffee\DemoKoCoffee.csproj", "{780BF7F0-F43D-4287-8C0C-93CAAC84AA4F}"
EndProject
Global
	GlobalSection(SolutionConfigurationPlatforms) = preSolution
		Debug|Any CPU = Debug|Any CPU
		Release|Any CPU = Release|Any CPU
	EndGlobalSection
	GlobalSection(ProjectConfigurationPlatforms) = postSolution
		{780BF7F0-F43D-4287-8C0C-93CAAC84AA4F}.Debug|Any CPU.ActiveCfg = Debug|Any CPU
		{780BF7F0-F43D-4287-8C0C-93CAAC84AA4F}.Debug|Any CPU.Build.0 = Debug|Any CPU
		{780BF7F0-F43D-4287-8C0C-93CAAC84AA4F}.Release|Any CPU.ActiveCfg = Release|Any CPU
		{780BF7F0-F43D-4287-8C0C-93CAAC84AA4F}.Release|Any CPU.Build.0 = Release|Any CPU
	EndGlobalSection
	GlobalSection(SolutionProperties) = preSolution
		HideSolutionNode = FALSE
	EndGlobalSection
EndGlobal
